
Microsoft Visual Studio Solution File, Format Version 12.00
# Visual Studio Version 17
VisualStudioVersion = 17.6.33815.320
MinimumVisualStudioVersion = 10.0.40219.1
Project("{9A19103F-16F7-4668-BE54-9A1E7A4F7556}") = "DemoProject", "DemoProject\DemoProject.csproj", "{AA6A7908-890E-4A68-AE1E-EDF029CFC169}"
EndProject
Project("{9A19103F-16F7-4668-BE54-9A1E7A4F7556}") = "DemoBusiness", "DemoBusiness\DemoBusiness.csproj", "{C258F569-CA27-48F0-82D5-23B463201985}"
EndProject
Project("{FAE04EC0-301F-11D3-BF4B-00C04F79EFBC}") = "ClassLibrary1", "ClassLibrary1\ClassLibrary1.csproj", "{A3E7A472-5BFF-46CE-AD38-058EBB1D9760}"
EndProject
Global
	GlobalSection(SolutionConfigurationPlatforms) = preSolution
		Debug|Any CPU = Debug|Any CPU
		Release|Any CPU = Release|Any CPU
	EndGlobalSection
	GlobalSection(ProjectConfigurationPlatforms) = postSolution
		{AA6A7908-890E-4A68-AE1E-EDF029CFC169}.Debug|Any CPU.ActiveCfg = Debug|Any CPU
		{AA6A7908-890E-4A68-AE1E-EDF029CFC169}.Debug|Any CPU.Build.0 = Debug|Any CPU
		{AA6A7908-890E-4A68-AE1E-EDF029CFC169}.Release|Any CPU.ActiveCfg = Release|Any CPU
		{AA6A7908-890E-4A68-AE1E-EDF029CFC169}.Release|Any CPU.Build.0 = Release|Any CPU
		{C258F569-CA27-48F0-82D5-23B463201985}.Debug|Any CPU.ActiveCfg = Debug|Any CPU
		{C258F569-CA27-48F0-82D5-23B463201985}.Debug|Any CPU.Build.0 = Debug|Any CPU
		{C258F569-CA27-48F0-82D5-23B463201985}.Release|Any CPU.ActiveCfg = Release|Any CPU
		{C258F569-CA27-48F0-82D5-23B463201985}.Release|Any CPU.Build.0 = Release|Any CPU
		{A3E7A472-5BFF-46CE-AD38-058EBB1D9760}.Debug|Any CPU.ActiveCfg = Debug|Any CPU
		{A3E7A472-5BFF-46CE-AD38-058EBB1D9760}.Debug|Any CPU.Build.0 = Debug|Any CPU
		{A3E7A472-5BFF-46CE-AD38-058EBB1D9760}.Release|Any CPU.ActiveCfg = Release|Any CPU
		{A3E7A472-5BFF-46CE-AD38-058EBB1D9760}.Release|Any CPU.Build.0 = Release|Any CPU
	EndGlobalSection
	GlobalSection(SolutionProperties) = preSolution
		HideSolutionNode = FALSE
	EndGlobalSection
	GlobalSection(ExtensibilityGlobals) = postSolution
		SolutionGuid = {54B92AA3-32A4-41D5-BF11-AF1B1BFD1C44}
	EndGlobalSection
EndGlobal
